
Microsoft Visual Studio Solution File, Format Version 12.00
# Visual Studio Version 16
VisualStudioVersion = 16.0.29519.181
MinimumVisualStudioVersion = 10.0.40219.1
Project("{FAE04EC0-301F-11D3-BF4B-00C04F79EFBC}") = "Deliverable1", "Deliverable1\Deliverable1.csproj", "{46D7F491-DDC4-4653-A2C2-C9033E64BD6E}"
EndProject
Global
	GlobalSection(SolutionConfigurationPlatforms) = preSolution
		Debug|Any CPU = Debug|Any CPU
		Release|Any CPU = Release|Any CPU
	EndGlobalSection
	GlobalSection(ProjectConfigurationPlatforms) = postSolution
		{46D7F491-DDC4-4653-A2C2-C9033E64BD6E}.Debug|Any CPU.ActiveCfg = Debug|Any CPU
		{46D7F491-DDC4-4653-A2C2-C9033E64BD6E}.Debug|Any CPU.Build.0 = Debug|Any CPU
		{46D7F491-DDC4-4653-A2C2-C9033E64BD6E}.Release|Any CPU.ActiveCfg = Release|Any CPU
		{46D7F491-DDC4-4653-A2C2-C9033E64BD6E}.Release|Any CPU.Build.0 = Release|Any CPU
	EndGlobalSection
	GlobalSection(SolutionProperties) = preSolution
		HideSolutionNode = FALSE
	EndGlobalSection
	GlobalSection(ExtensibilityGlobals) = postSolution
		SolutionGuid = {134642FF-39B9-427B-AFD8-1E80260E16DD}
	EndGlobalSection
EndGlobal
